
Microsoft Visual Studio Solution File, Format Version 12.00
# Visual Studio 15
Project("{FAE04EC0-301F-11D3-BF4B-00C04F79EFBC}") = "Assembly-CSharp", "Assembly-CSharp.csproj", "{74888253-0399-510E-CFA7-08396B62E1E3}"
EndProject
Project("{FAE04EC0-301F-11D3-BF4B-00C04F79EFBC}") = "Assembly-CSharp-firstpass", "Assembly-CSharp-firstpass.csproj", "{03AF4693-643B-0418-0A30-CA84519B0D9F}"
EndProject
Project("{FAE04EC0-301F-11D3-BF4B-00C04F79EFBC}") = "Assembly-CSharp-Editor-firstpass", "Assembly-CSharp-Editor-firstpass.csproj", "{FC45A02F-930B-1283-CC0F-29D46504D5A3}"
EndProject
Global
	GlobalSection(SolutionConfigurationPlatforms) = preSolution
		Debug|Any CPU = Debug|Any CPU
		Release|Any CPU = Release|Any CPU
	EndGlobalSection
	GlobalSection(ProjectConfigurationPlatforms) = postSolution
		{74888253-0399-510E-CFA7-08396B62E1E3}.Debug|Any CPU.ActiveCfg = Debug|Any CPU
		{74888253-0399-510E-CFA7-08396B62E1E3}.Debug|Any CPU.Build.0 = Debug|Any CPU
		{74888253-0399-510E-CFA7-08396B62E1E3}.Release|Any CPU.ActiveCfg = Release|Any CPU
		{74888253-0399-510E-CFA7-08396B62E1E3}.Release|Any CPU.Build.0 = Release|Any CPU
		{03AF4693-643B-0418-0A30-CA84519B0D9F}.Debug|Any CPU.ActiveCfg = Debug|Any CPU
		{03AF4693-643B-0418-0A30-CA84519B0D9F}.Debug|Any CPU.Build.0 = Debug|Any CPU
		{03AF4693-643B-0418-0A30-CA84519B0D9F}.Release|Any CPU.ActiveCfg = Release|Any CPU
		{03AF4693-643B-0418-0A30-CA84519B0D9F}.Release|Any CPU.Build.0 = Release|Any CPU
		{FC45A02F-930B-1283-CC0F-29D46504D5A3}.Debug|Any CPU.ActiveCfg = Debug|Any CPU
		{FC45A02F-930B-1283-CC0F-29D46504D5A3}.Debug|Any CPU.Build.0 = Debug|Any CPU
		{FC45A02F-930B-1283-CC0F-29D46504D5A3}.Release|Any CPU.ActiveCfg = Release|Any CPU
		{FC45A02F-930B-1283-CC0F-29D46504D5A3}.Release|Any CPU.Build.0 = Release|Any CPU
	EndGlobalSection
	GlobalSection(SolutionProperties) = preSolution
		HideSolutionNode = FALSE
	EndGlobalSection
EndGlobal
